
Microsoft Visual Studio Solution File, Format Version 12.00
# Visual Studio Version 16
VisualStudioVersion = 16.0.32002.261
MinimumVisualStudioVersion = 10.0.40219.1
Project("{FAE04EC0-301F-11D3-BF4B-00C04F79EFBC}") = "15 Laba", "15 Laba\15 Laba.csproj", "{AD8062D7-183F-469C-B10E-E7F324B94897}"
EndProject
Project("{FAE04EC0-301F-11D3-BF4B-00C04F79EFBC}") = "Задача 15.1", "Задача 15.1\Задача 15.1.csproj", "{9091B3DB-952E-4973-9F5B-52B08804E1EA}"
EndProject
Project("{FAE04EC0-301F-11D3-BF4B-00C04F79EFBC}") = "Вебинар", "Вебинар\Вебинар.csproj", "{890BACAD-1A56-41AC-8A9D-022DC6AEC63D}"
EndProject
Global
	GlobalSection(SolutionConfigurationPlatforms) = preSolution
		Debug|Any CPU = Debug|Any CPU
		Release|Any CPU = Release|Any CPU
	EndGlobalSection
	GlobalSection(ProjectConfigurationPlatforms) = postSolution
		{AD8062D7-183F-469C-B10E-E7F324B94897}.Debug|Any CPU.ActiveCfg = Debug|Any CPU
		{AD8062D7-183F-469C-B10E-E7F324B94897}.Debug|Any CPU.Build.0 = Debug|Any CPU
		{AD8062D7-183F-469C-B10E-E7F324B94897}.Release|Any CPU.ActiveCfg = Release|Any CPU
		{AD8062D7-183F-469C-B10E-E7F324B94897}.Release|Any CPU.Build.0 = Release|Any CPU
		{9091B3DB-952E-4973-9F5B-52B08804E1EA}.Debug|Any CPU.ActiveCfg = Debug|Any CPU
		{9091B3DB-952E-4973-9F5B-52B08804E1EA}.Debug|Any CPU.Build.0 = Debug|Any CPU
		{9091B3DB-952E-4973-9F5B-52B08804E1EA}.Release|Any CPU.ActiveCfg = Release|Any CPU
		{9091B3DB-952E-4973-9F5B-52B08804E1EA}.Release|Any CPU.Build.0 = Release|Any CPU
		{890BACAD-1A56-41AC-8A9D-022DC6AEC63D}.Debug|Any CPU.ActiveCfg = Debug|Any CPU
		{890BACAD-1A56-41AC-8A9D-022DC6AEC63D}.Debug|Any CPU.Build.0 = Debug|Any CPU
		{890BACAD-1A56-41AC-8A9D-022DC6AEC63D}.Release|Any CPU.ActiveCfg = Release|Any CPU
		{890BACAD-1A56-41AC-8A9D-022DC6AEC63D}.Release|Any CPU.Build.0 = Release|Any CPU
	EndGlobalSection
	GlobalSection(SolutionProperties) = preSolution
		HideSolutionNode = FALSE
	EndGlobalSection
	GlobalSection(ExtensibilityGlobals) = postSolution
		SolutionGuid = {EE6C7D26-73D7-4A65-96B7-AA8DDC8B958F}
	EndGlobalSection
EndGlobal
